
Microsoft Visual Studio Solution File, Format Version 12.00
# Visual Studio Version 17
VisualStudioVersion = 17.4.33213.308
MinimumVisualStudioVersion = 10.0.40219.1
Project("{FAE04EC0-301F-11D3-BF4B-00C04F79EFBC}") = "CS2Retake", "CS2Retake\CS2Retake.csproj", "{3B202901-0697-40CE-AD55-FC18A891A1F3}"
EndProject
Global
	GlobalSection(SolutionConfigurationPlatforms) = preSolution
		Debug|Any CPU = Debug|Any CPU
		Release|Any CPU = Release|Any CPU
	EndGlobalSection
	GlobalSection(ProjectConfigurationPlatforms) = postSolution
		{3B202901-0697-40CE-AD55-FC18A891A1F3}.Debug|Any CPU.ActiveCfg = Debug|Any CPU
		{3B202901-0697-40CE-AD55-FC18A891A1F3}.Debug|Any CPU.Build.0 = Debug|Any CPU
		{3B202901-0697-40CE-AD55-FC18A891A1F3}.Release|Any CPU.ActiveCfg = Release|Any CPU
		{3B202901-0697-40CE-AD55-FC18A891A1F3}.Release|Any CPU.Build.0 = Release|Any CPU
	EndGlobalSection
	GlobalSection(SolutionProperties) = preSolution
		HideSolutionNode = FALSE
	EndGlobalSection
	GlobalSection(ExtensibilityGlobals) = postSolution
		SolutionGuid = {CE98A4EE-5C9E-4FB8-99F9-4E5DF57D3DF7}
	EndGlobalSection
EndGlobal
